
Microsoft Visual Studio Solution File, Format Version 12.00
# Visual Studio Version 16
VisualStudioVersion = 16.0.30907.101
MinimumVisualStudioVersion = 10.0.40219.1
Project("{FAE04EC0-301F-11D3-BF4B-00C04F79EFBC}") = "DiamondPattern", "baklavaDeseni\DiamondPattern.csproj", "{4301606C-3DE4-4ED1-BD86-32B07405DC19}"
EndProject
Global
	GlobalSection(SolutionConfigurationPlatforms) = preSolution
		Debug|Any CPU = Debug|Any CPU
		Release|Any CPU = Release|Any CPU
	EndGlobalSection
	GlobalSection(ProjectConfigurationPlatforms) = postSolution
		{4301606C-3DE4-4ED1-BD86-32B07405DC19}.Debug|Any CPU.ActiveCfg = Debug|Any CPU
		{4301606C-3DE4-4ED1-BD86-32B07405DC19}.Debug|Any CPU.Build.0 = Debug|Any CPU
		{4301606C-3DE4-4ED1-BD86-32B07405DC19}.Release|Any CPU.ActiveCfg = Release|Any CPU
		{4301606C-3DE4-4ED1-BD86-32B07405DC19}.Release|Any CPU.Build.0 = Release|Any CPU
	EndGlobalSection
	GlobalSection(SolutionProperties) = preSolution
		HideSolutionNode = FALSE
	EndGlobalSection
	GlobalSection(ExtensibilityGlobals) = postSolution
		SolutionGuid = {FD99DFBE-ABD4-4E96-9C4B-45E13D1187C7}
	EndGlobalSection
EndGlobal
